
Microsoft Visual Studio Solution File, Format Version 11.00
# Visual Studio 2010
Project("{FAE04EC0-301F-11D3-BF4B-00C04F79EFBC}") = "InterstellarSurvivalOnline2", "Assembly-CSharp.csproj", "{B2CE03D0-58A8-6C15-6C6C-4E2213CAADD8}"
EndProject
Project("{FAE04EC0-301F-11D3-BF4B-00C04F79EFBC}") = "InterstellarSurvivalOnline2", "Assembly-CSharp-firstpass.csproj", "{CCA03CCF-49E1-B198-EBA4-11FF77AE61AF}"
EndProject
Project("{FAE04EC0-301F-11D3-BF4B-00C04F79EFBC}") = "InterstellarSurvivalOnline2", "Assembly-CSharp-Editor.csproj", "{9202719A-8967-B664-3580-5E3218472F7B}"
EndProject
Global
	GlobalSection(SolutionConfigurationPlatforms) = preSolution
		Debug|Any CPU = Debug|Any CPU
		Release|Any CPU = Release|Any CPU
	EndGlobalSection
	GlobalSection(ProjectConfigurationPlatforms) = postSolution
		{B2CE03D0-58A8-6C15-6C6C-4E2213CAADD8}.Debug|Any CPU.ActiveCfg = Debug|Any CPU
		{B2CE03D0-58A8-6C15-6C6C-4E2213CAADD8}.Debug|Any CPU.Build.0 = Debug|Any CPU
		{B2CE03D0-58A8-6C15-6C6C-4E2213CAADD8}.Release|Any CPU.ActiveCfg = Release|Any CPU
		{B2CE03D0-58A8-6C15-6C6C-4E2213CAADD8}.Release|Any CPU.Build.0 = Release|Any CPU
		{CCA03CCF-49E1-B198-EBA4-11FF77AE61AF}.Debug|Any CPU.ActiveCfg = Debug|Any CPU
		{CCA03CCF-49E1-B198-EBA4-11FF77AE61AF}.Debug|Any CPU.Build.0 = Debug|Any CPU
		{CCA03CCF-49E1-B198-EBA4-11FF77AE61AF}.Release|Any CPU.ActiveCfg = Release|Any CPU
		{CCA03CCF-49E1-B198-EBA4-11FF77AE61AF}.Release|Any CPU.Build.0 = Release|Any CPU
		{9202719A-8967-B664-3580-5E3218472F7B}.Debug|Any CPU.ActiveCfg = Debug|Any CPU
		{9202719A-8967-B664-3580-5E3218472F7B}.Debug|Any CPU.Build.0 = Debug|Any CPU
		{9202719A-8967-B664-3580-5E3218472F7B}.Release|Any CPU.ActiveCfg = Release|Any CPU
		{9202719A-8967-B664-3580-5E3218472F7B}.Release|Any CPU.Build.0 = Release|Any CPU
	EndGlobalSection
	GlobalSection(SolutionProperties) = preSolution
		HideSolutionNode = FALSE
	EndGlobalSection
	GlobalSection(MonoDevelopProperties) = preSolution
		StartupItem = Assembly-CSharp.csproj
	EndGlobalSection
EndGlobal
